
Microsoft Visual Studio Solution File, Format Version 12.00
# Visual Studio Version 16
VisualStudioVersion = 16.0.31205.134
MinimumVisualStudioVersion = 10.0.40219.1
Project("{FAE04EC0-301F-11D3-BF4B-00C04F79EFBC}") = "WebApplication1", "WebApplication1.csproj", "{A120CA08-E893-441F-A53F-1ACD8737F255}"
EndProject
Global
	GlobalSection(SolutionConfigurationPlatforms) = preSolution
		Debug|Any CPU = Debug|Any CPU
		Release|Any CPU = Release|Any CPU
	EndGlobalSection
	GlobalSection(ProjectConfigurationPlatforms) = postSolution
		{A120CA08-E893-441F-A53F-1ACD8737F255}.Debug|Any CPU.ActiveCfg = Debug|Any CPU
		{A120CA08-E893-441F-A53F-1ACD8737F255}.Debug|Any CPU.Build.0 = Debug|Any CPU
		{A120CA08-E893-441F-A53F-1ACD8737F255}.Release|Any CPU.ActiveCfg = Release|Any CPU
		{A120CA08-E893-441F-A53F-1ACD8737F255}.Release|Any CPU.Build.0 = Release|Any CPU
	EndGlobalSection
	GlobalSection(SolutionProperties) = preSolution
		HideSolutionNode = FALSE
	EndGlobalSection
	GlobalSection(ExtensibilityGlobals) = postSolution
		SolutionGuid = {BEE5D8DE-E88F-46A3-B805-643412FCFD1C}
	EndGlobalSection
EndGlobal
